
Microsoft Visual Studio Solution File, Format Version 12.00
# Visual Studio Version 17
VisualStudioVersion = 17.5.33424.131
MinimumVisualStudioVersion = 10.0.40219.1
Project("{FAE04EC0-301F-11D3-BF4B-00C04F79EFBC}") = "MATINFO", "MATINFO\MATINFO.csproj", "{A43EAAEC-73B0-47BE-A632-0AFA88F59F4D}"
EndProject
Global
	GlobalSection(SolutionConfigurationPlatforms) = preSolution
		Debug|Any CPU = Debug|Any CPU
		Release|Any CPU = Release|Any CPU
	EndGlobalSection
	GlobalSection(ProjectConfigurationPlatforms) = postSolution
		{A43EAAEC-73B0-47BE-A632-0AFA88F59F4D}.Debug|Any CPU.ActiveCfg = Debug|Any CPU
		{A43EAAEC-73B0-47BE-A632-0AFA88F59F4D}.Debug|Any CPU.Build.0 = Debug|Any CPU
		{A43EAAEC-73B0-47BE-A632-0AFA88F59F4D}.Release|Any CPU.ActiveCfg = Release|Any CPU
		{A43EAAEC-73B0-47BE-A632-0AFA88F59F4D}.Release|Any CPU.Build.0 = Release|Any CPU
	EndGlobalSection
	GlobalSection(SolutionProperties) = preSolution
		HideSolutionNode = FALSE
	EndGlobalSection
	GlobalSection(ExtensibilityGlobals) = postSolution
		SolutionGuid = {960B140A-3D5A-46AF-A368-58AB4574182B}
	EndGlobalSection
EndGlobal
